// !$*UTF8*$!
{
	archiveVersion = 1;
	classes = {
	};
	objectVersion = 46;
	objects = {

/* Begin PBXBuildFile section */
		AA56333B1C00BC4C00B3C59A /* AppDelegate.swift in Sources */ = {isa = PBXBuildFile; fileRef = AA56333A1C00BC4C00B3C59A /* AppDelegate.swift */; };
		AA56333D1C00BC4C00B3C59A /* ViewController.swift in Sources */ = {isa = PBXBuildFile; fileRef = AA56333C1C00BC4C00B3C59A /* ViewController.swift */; };
		AA5633401C00BC4C00B3C59A /* Main.storyboard in Resources */ = {isa = PBXBuildFile; fileRef = AA56333E1C00BC4C00B3C59A /* Main.storyboard */; };
		AA5633421C00BC4C00B3C59A /* Assets.xcassets in Resources */ = {isa = PBXBuildFile; fileRef = AA5633411C00BC4C00B3C59A /* Assets.xcassets */; };
		AA5633451C00BC4C00B3C59A /* LaunchScreen.storyboard in Resources */ = {isa = PBXBuildFile; fileRef = AA5633431C00BC4C00B3C59A /* LaunchScreen.storyboard */; };
/* End PBXBuildFile section */

/* Begin PBXFileReference section */
		AA5633371C00BC4C00B3C59A /* firstApp.app */ = {isa = PBXFileReference; explicitFileType = wrapper.application; includeInIndex = 0; path = firstApp.app; sourceTree = BUILT_PRODUCTS_DIR; };
		AA56333A1C00BC4C00B3C59A /* AppDelegate.swift */ = {isa = PBXFileReference; lastKnownFileType = sourcecode.swift; path = AppDelegate.swift; sourceTree = "<group>"; };
		AA56333C1C00BC4C00B3C59A /* ViewController.swift */ = {isa = PBXFileReference; lastKnownFileType = sourcecode.swift; path = ViewController.swift; sourceTree = "<group>"; };
		AA56333F1C00BC4C00B3C59A /* Base */ = {isa = PBXFileReference; lastKnownFileType = file.storyboard; name = Base; path = Base.lproj/Main.storyboard; sourceTree = "<group>"; };
		AA5633411C00BC4C00B3C59A /* Assets.xcassets */ = {isa = PBXFileReference; lastKnownFileType = folder.assetcatalog; path = Assets.xcassets; sourceTree = "<group>"; };
		AA5633441C00BC4C00B3C59A /* Base */ = {isa = PBXFileReference; lastKnownFileType = file.storyboard; name = Base; path = Base.lproj/LaunchScreen.storyboard; sourceTree = "<group>"; };
		AA5633461C00BC4C00B3C59A /* Info.plist */ = {isa = PBXFileReference; lastKnownFileType = text.plist.xml; path = Info.plist; sourceTree = "<group>"; };
/* End PBXFileReference section */

/* Begin PBXFrameworksBuildPhase section */
		AA5633341C00BC4C00B3C59A /* Frameworks */ = {
			isa = PBXFrameworksBuildPhase;
			buildActionMask = 2147483647;
			files = (
			);
			runOnlyForDeploymentPostprocessing = 0;
		};
/* End PBXFrameworksBuildPhase section */

/* Begin PBXGroup section */
		AA56332E1C00BC4C00B3C59A = {
			isa = PBXGroup;
			children = (
				AA5633391C00BC4C00B3C59A /* firstApp */,
				AA5633381C00BC4C00B3C59A /* Products */,
			);
			sourceTree = "<group>";
		};
		AA5633381C00BC4C00B3C59A /* Products */ = {
			isa = PBXGroup;
			children = (
				AA5633371C00BC4C00B3C59A /* firstApp.app */,
			);
			name = Products;
			sourceTree = "<group>";
		};
		AA5633391C00BC4C00B3C59A /* firstApp */ = {
			isa = PBXGroup;
			children = (
				AA56333A1C00BC4C00B3C59A /* AppDelegate.swift */,
				AA56333C1C00BC4C00B3C59A /* ViewController.swift */,
				AA56333E1C00BC4C00B3C59A /* Main.storyboard */,
				AA5633411C00BC4C00B3C59A /* Assets.xcassets */,
				AA5633431C00BC4C00B3C59A /* LaunchScreen.storyboard */,
				AA5633461C00BC4C00B3C59A /* Info.plist */,
			);
			path = firstApp;
			sourceTree = "<group>";
		};
/* End PBXGroup section */

/* Begin PBXNativeTarget section */
		AA5633361C00BC4C00B3C59A /* firstApp */ = {
			isa = PBXNativeTarget;
			buildConfigurationList = AA5633491C00BC4C00B3C59A /* Build configuration list for PBXNativeTarget "firstApp" */;
			buildPhases = (
				AA5633331C00BC4C00B3C59A /* Sources */,
				AA5633341C00BC4C00B3C59A /* Frameworks */,
				AA5633351C00BC4C00B3C59A /* Resources */,
			);
			buildRules = (
			);
			dependencies = (
			);
			name = firstApp;
			productName = firstApp;
			productReference = AA5633371C00BC4C00B3C59A /* firstApp.app */;
			productType = "com.apple.product-type.application";
		};
/* End PBXNativeTarget section */

/* Begin PBXProject section */
		AA56332F1C00BC4C00B3C59A /* Project object */ = {
			isa = PBXProject;
			attributes = {
				LastSwiftUpdateCheck = 0710;
				LastUpgradeCheck = 0710;
				ORGANIZATIONNAME = McAteer;
				TargetAttributes = {
					AA5633361C00BC4C00B3C59A = {
						CreatedOnToolsVersion = 7.1.1;
						DevelopmentTeam = GMPEL553ZL;
					};
				};
			};
			buildConfigurationList = AA5633321C00BC4C00B3C59A /* Build configuration list for PBXProject "firstApp" */;
			compatibilityVersion = "Xcode 3.2";
			developmentRegion = English;
			hasScannedForEncodings = 0;
			knownRegions = (
				en,
				Base,
			);
			mainGroup = AA56332E1C00BC4C00B3C59A;
			productRefGroup = AA5633381C00BC4C00B3C59A /* Products */;
			projectDirPath = "";
			projectRoot = "";
			targets = (
				AA5633361C00BC4C00B3C59A /* firstApp */,
			);
		};
/* End PBXProject section */

/* Begin PBXResourcesBuildPhase section */
		AA5633351C00BC4C00B3C59A /* Resources */ = {
			isa = PBXResourcesBuildPhase;
			buildActionMask = 2147483647;
			files = (
				AA5633451C00BC4C00B3C59A /* LaunchScreen.storyboard in Resources */,
				AA5633421C00BC4C00B3C59A /* Assets.xcassets in Resources */,
				AA5633401C00BC4C00B3C59A /* Main.storyboard in Resources */,
			);
			runOnlyForDeploymentPostprocessing = 0;
		};
/* End PBXResourcesBuildPhase section */

/* Begin PBXSourcesBuildPhase section */
		AA5633331C00BC4C00B3C59A /* Sources */ = {
			isa = PBXSourcesBuildPhase;
			buildActionMask = 2147483647;
			files = (
				AA56333D1C00BC4C00B3C59A /* ViewController.swift in Sources */,
				AA56333B1C00BC4C00B3C59A /* AppDelegate.swift in Sources */,
			);
			runOnlyForDeploymentPostprocessing = 0;
		};
/* End PBXSourcesBuildPhase section */

/* Begin PBXVariantGroup section */
		AA56333E1C00BC4C00B3C59A /* Main.storyboard */ = {
			isa = PBXVariantGroup;
			children = (
				AA56333F1C00BC4C00B3C59A /* Base */,
			);
			name = Main.storyboard;
			sourceTree = "<group>";
		};
		AA5633431C00BC4C00B3C59A /* LaunchScreen.storyboard */ = {
			isa = PBXVariantGroup;
			children = (
				AA5633441C00BC4C00B3C59A /* Base */,
			);
			name = LaunchScreen.storyboard;
			sourceTree = "<group>";
		};
/* End PBXVariantGroup section */

/* Begin XCBuildConfiguration section */
		AA5633471C00BC4C00B3C59A /* Debug */ = {
			isa = XCBuildConfiguration;
			buildSettings = {
				ALWAYS_SEARCH_USER_PATHS = NO;
				CLANG_CXX_LANGUAGE_STANDARD = "gnu++0x";
				CLANG_CXX_LIBRARY = "libc++";
				CLANG_ENABLE_MODULES = YES;
				CLANG_ENABLE_OBJC_ARC = YES;
				CLANG_WARN_BOOL_CONVERSION = YES;
				CLANG_WARN_CONSTANT_CONVERSION = YES;
				CLANG_WARN_DIRECT_OBJC_ISA_USAGE = YES_ERROR;
				CLANG_WARN_EMPTY_BODY = YES;
				CLANG_WARN_ENUM_CONVERSION = YES;
				CLANG_WARN_INT_CONVERSION = YES;
				CLANG_WARN_OBJC_ROOT_CLASS = YES_ERROR;
				CLANG_WARN_UNREACHABLE_CODE = YES;
				CLANG_WARN__DUPLICATE_METHOD_MATCH = YES;
				"CODE_SIGN_IDENTITY[sdk=iphoneos*]" = "iPhone Developer";
				COPY_PHASE_STRIP = NO;
				DEBUG_INFORMATION_FORMAT = dwarf;
				ENABLE_STRICT_OBJC_MSGSEND = YES;
				ENABLE_TESTABILITY = YES;
				GCC_C_LANGUAGE_STANDARD = gnu99;
				GCC_DYNAMIC_NO_PIC = NO;
				GCC_NO_COMMON_BLOCKS = YES;
				GCC_OPTIMIZATION_LEVEL = 0;
				GCC_PREPROCESSOR_DEFINITIONS = (
					"DEBUG=1",
					"$(inherited)",
				);
				GCC_WARN_64_TO_32_BIT_CONVERSION = YES;
				GCC_WARN_ABOUT_RETURN_TYPE = YES_ERROR;
				GCC_WARN_UNDECLARED_SELECTOR = YES;
				GCC_WARN_UNINITIALIZED_AUTOS = YES_AGGRESSIVE;
				GCC_WARN_UNUSED_FUNCTION = YES;
				GCC_WARN_UNUSED_VARIABLE = YES;
				IPHONEOS_DEPLOYMENT_TARGET = 9.1;
				MTL_ENABLE_DEBUG_INFO = YES;
				ONLY_ACTIVE_ARCH = YES;
				SDKROOT = iphoneos;
				SWIFT_OPTIMIZATION_LEVEL = "-Onone";
			};
			name = Debug;
		};
		AA5633481C00BC4C00B3C59A /* Release */ = {
			isa = XCBuildConfiguration;
			buildSettings = {
				ALWAYS_SEARCH_USER_PATHS = NO;
				CLANG_CXX_LANGUAGE_STANDARD = "gnu++0x";
				CLANG_CXX_LIBRARY = "libc++";
				CLANG_ENABLE_MODULES = YES;
				CLANG_ENABLE_OBJC_ARC = YES;
				CLANG_WARN_BOOL_CONVERSION = YES;
				CLANG_WARN_CONSTANT_CONVERSION = YES;
				CLANG_WARN_DIRECT_OBJC_ISA_USAGE = YES_ERROR;
				CLANG_WARN_EMPTY_BODY = YES;
				CLANG_WARN_ENUM_CONVERSION = YES;
				CLANG_WARN_INT_CONVERSION = YES;
				CLANG_WARN_OBJC_ROOT_CLASS = YES_ERROR;
				CLANG_WARN_UNREACHABLE_CODE = YES;
				CLANG_WARN__DUPLICATE_METHOD_MATCH = YES;
				"CODE_SIGN_IDENTITY[sdk=iphoneos*]" = "iPhone Developer";
				COPY_PHASE_STRIP = NO;
				DEBUG_INFORMATION_FORMAT = "dwarf-with-dsym";
				ENABLE_NS_ASSERTIONS = NO;
				ENABLE_STRICT_OBJC_MSGSEND = YES;
				GCC_C_LANGUAGE_STANDARD = gnu99;
				GCC_NO_COMMON_BLOCKS = YES;
				GCC_WARN_64_TO_32_BIT_CONVERSION = YES;
				GCC_WARN_ABOUT_RETURN_TYPE = YES_ERROR;
				GCC_WARN_UNDECLARED_SELECTOR = YES;
				GCC_WARN_UNINITIALIZED_AUTOS = YES_AGGRESSIVE;
				GCC_WARN_UNUSED_FUNCTION = YES;
				GCC_WARN_UNUSED_VARIABLE = YES;
				IPHONEOS_DEPLOYMENT_TARGET = 9.1;
				MTL_ENABLE_DEBUG_INFO = NO;
				SDKROOT = iphoneos;
				VALIDATE_PRODUCT = YES;
			};
			name = Release;
		};
		AA56334A1C00BC4C00B3C59A /* Debug */ = {
			isa = XCBuildConfiguration;
			buildSettings = {
				ASSETCATALOG_COMPILER_APPICON_NAME = AppIcon;
				INFOPLIST_FILE = firstApp/Info.plist;
				LD_RUNPATH_SEARCH_PATHS = "$(inherited) @executable_path/Frameworks";
				PRODUCT_BUNDLE_IDENTIFIER = com.mcateer.firstApp;
				PRODUCT_NAME = "$(TARGET_NAME)";
			};
			name = Debug;
		};
		AA56334B1C00BC4C00B3C59A /* Release */ = {
			isa = XCBuildConfiguration;
			buildSettings = {
				ASSETCATALOG_COMPILER_APPICON_NAME = AppIcon;
				INFOPLIST_FILE = firstApp/Info.plist;
				LD_RUNPATH_SEARCH_PATHS = "$(inherited) @executable_path/Frameworks";
				PRODUCT_BUNDLE_IDENTIFIER = com.mcateer.firstApp;
				PRODUCT_NAME = "$(TARGET_NAME)";
			};
			name = Release;
		};
/* End XCBuildConfiguration section */

/* Begin XCConfigurationList section */
		AA5633321C00BC4C00B3C59A /* Build configuration list for PBXProject "firstApp" */ = {
			isa = XCConfigurationList;
			buildConfigurations = (
				AA5633471C00BC4C00B3C59A /* Debug */,
				AA5633481C00BC4C00B3C59A /* Release */,
			);
			defaultConfigurationIsVisible = 0;
			defaultConfigurationName = Release;
		};
		AA5633491C00BC4C00B3C59A /* Build configuration list for PBXNativeTarget "firstApp" */ = {
			isa = XCConfigurationList;
			buildConfigurations = (
				AA56334A1C00BC4C00B3C59A /* Debug */,
				AA56334B1C00BC4C00B3C59A /* Release */,
			);
			defaultConfigurationIsVisible = 0;
		};
/* End XCConfigurationList section */
	};
	rootObject = AA56332F1C00BC4C00B3C59A /* Project object */;
}
